
Microsoft Visual Studio Solution File, Format Version 12.00
# Visual Studio Version 17
VisualStudioVersion = 17.14.36518.9 d17.14
MinimumVisualStudioVersion = 10.0.40219.1
Project("{FAE04EC0-301F-11D3-BF4B-00C04F79EFBC}") = "Studio.WebApi", "Studio.WebApi.csproj", "{5738B1DC-D86B-4162-B479-D29FF7F41C3B}"
EndProject
Project("{FAE04EC0-301F-11D3-BF4B-00C04F79EFBC}") = "Studio.Domain", "..\Studio.Domain\Studio.Domain.csproj", "{3FFA88F4-8017-407B-9F00-7AB5ECF6D44B}"
EndProject
Project("{FAE04EC0-301F-11D3-BF4B-00C04F79EFBC}") = "Studio.Infrastructure", "..\Studio.Infrastructure\Studio.Infrastructure.csproj", "{67C1E424-A5AD-4D15-A7CE-C7739CB1440F}"
EndProject
Global
	GlobalSection(SolutionConfigurationPlatforms) = preSolution
		Debug|Any CPU = Debug|Any CPU
		Release|Any CPU = Release|Any CPU
	EndGlobalSection
	GlobalSection(ProjectConfigurationPlatforms) = postSolution
		{5738B1DC-D86B-4162-B479-D29FF7F41C3B}.Debug|Any CPU.ActiveCfg = Debug|Any CPU
		{5738B1DC-D86B-4162-B479-D29FF7F41C3B}.Debug|Any CPU.Build.0 = Debug|Any CPU
		{5738B1DC-D86B-4162-B479-D29FF7F41C3B}.Release|Any CPU.ActiveCfg = Release|Any CPU
		{5738B1DC-D86B-4162-B479-D29FF7F41C3B}.Release|Any CPU.Build.0 = Release|Any CPU
		{3FFA88F4-8017-407B-9F00-7AB5ECF6D44B}.Debug|Any CPU.ActiveCfg = Debug|Any CPU
		{3FFA88F4-8017-407B-9F00-7AB5ECF6D44B}.Debug|Any CPU.Build.0 = Debug|Any CPU
		{3FFA88F4-8017-407B-9F00-7AB5ECF6D44B}.Release|Any CPU.ActiveCfg = Release|Any CPU
		{3FFA88F4-8017-407B-9F00-7AB5ECF6D44B}.Release|Any CPU.Build.0 = Release|Any CPU
		{67C1E424-A5AD-4D15-A7CE-C7739CB1440F}.Debug|Any CPU.ActiveCfg = Debug|Any CPU
		{67C1E424-A5AD-4D15-A7CE-C7739CB1440F}.Debug|Any CPU.Build.0 = Debug|Any CPU
		{67C1E424-A5AD-4D15-A7CE-C7739CB1440F}.Release|Any CPU.ActiveCfg = Release|Any CPU
		{67C1E424-A5AD-4D15-A7CE-C7739CB1440F}.Release|Any CPU.Build.0 = Release|Any CPU
	EndGlobalSection
	GlobalSection(SolutionProperties) = preSolution
		HideSolutionNode = FALSE
	EndGlobalSection
	GlobalSection(ExtensibilityGlobals) = postSolution
		SolutionGuid = {9DABF452-7629-4BB4-8CE6-1424E9893500}
	EndGlobalSection
EndGlobal
